# This file is autogenerated, do not edit; changes may be undone by the next 'dep ensure'.


[[projects]]
  digest = "1:f9ae348e1f793dcf9ed930ed47136a67343dbd6809c5c91391322267f4476892"
  name = "github.com/Microsoft/go-winio"
  packages = ["."]
  pruneopts = "UT"
  revision = "1a8911d1ed007260465c3bfbbc785ac6915a0bb8"
  version = "v0.4.12"

[[projects]]
  digest = "1:ed7759c8980517a3915a9685d5771d70ca5b860a1735f763b76a84c46db2e0a2"
  name = "github.com/Sirupsen/logrus"
  packages = ["."]
  pruneopts = "UT"
  revision = "7dd06bf38e1e13df288d471a57d5adbac106be9e"

[[projects]]
  digest = "1:4189ee6a3844f555124d9d2656fe7af02fca961c2a9bad9074789df13a0c62e0"
  name = "github.com/docker/distribution"
  packages = [
    "digestset",
    "reference",
  ]
  pruneopts = "UT"
  revision = "edc3ab29cdff8694dd6feb85cfeb4b5f1b38ed9c"

[[projects]]
  digest = "1:d070bd53e7711d665f4c44b556b6c8c634c199e85c29506e49e53efd8d8afd04"
  name = "github.com/docker/docker"
  packages = [
    "api",
    "api/types",
    "api/types/blkiodev",
    "api/types/container",
    "api/types/events",
    "api/types/filters",
    "api/types/image",
    "api/types/mount",
    "api/types/network",
    "api/types/registry",
    "api/types/strslice",
    "api/types/swarm",
    "api/types/swarm/runtime",
    "api/types/time",
    "api/types/versions",
    "api/types/volume",
    "client",
  ]
  pruneopts = "UT"
  revision = "f2afa26235941fd79f40eb1e572e19e4ac2b9bbe"

[[projects]]
  digest = "1:b6b5c3e8da0fb8073cd2886ba249a40f4402b4391ca6eba905a142cceea97a12"
  name = "github.com/docker/go-connections"
  packages = [
    "nat",
    "sockets",
    "tlsconfig",
  ]
  pruneopts = "UT"
  revision = "3ede32e2033de7505e6500d6c868c2b9ed9f169d"
  version = "v0.3.0"

[[projects]]
  digest = "1:57d39983d01980c1317c2c5c6dd4b5b0c4a804ad2df800f2f6cbcd6a6d05f6ca"
  name = "github.com/docker/go-units"
  packages = ["."]
  pruneopts = "UT"
  revision = "9e638d38cf6977a37a8ea0078f3ee75a7cdb2dd1"

[[projects]]
  digest = "1:902dd5fcbb2943ad29d447e2e5ae01801ec9bda6120d4af46ec0f0eedebd72c9"
  name = "github.com/elastic/go-ucfg"
  packages = [
    ".",
    "internal/parse",
    "yaml",
  ]
  pruneopts = "UT"
  revision = "0ba28e36add27704e6b49a7ed8557989a8f4a635"
  version = "v0.5.1"

[[projects]]
  digest = "1:701239373bbf22998c5a36c76d2ff4ee309b3980e39b7a66d72cabd3aab748fa"
  name = "github.com/gogo/protobuf"
  packages = ["proto"]
  pruneopts = "UT"
  revision = "100ba4e885062801d56799d78530b73b178a78f3"
  version = "v0.4"

[[projects]]
  digest = "1:37423212694a4316f48e0bbac8e4f1fd366a384a286fbaa7d80baf99d86f0416"
  name = "github.com/opencontainers/go-digest"
  packages = ["."]
  pruneopts = "UT"
  revision = "a6d0ee40d4207ea02364bd3b9e8e77b9159ba1eb"

[[projects]]
  digest = "1:8e1d3df780654a0c2227b1a4d6f11bfb46d386237f31cc8b5ae8dfa13b55b4ee"
  name = "github.com/opencontainers/image-spec"
  packages = [
    "specs-go",
    "specs-go/v1",
  ]
  pruneopts = "UT"
  revision = "372ad780f63454fbbbbcc7cf80e5b90245c13e13"

[[projects]]
  digest = "1:40e195917a951a8bf867cd05de2a46aaf1806c50cf92eebf4c16f78cd196f747"
  name = "github.com/pkg/errors"
  packages = ["."]
  pruneopts = "UT"
  revision = "839d9e913e063e28dfd0e6c7b7512793e0a48be9"

[[projects]]
  digest = "1:600c933eb890b1b8e9b49114a41520da1784ab21b3254563816ca8f112b22efb"
  name = "github.com/satori/go.uuid"
  packages = ["."]
  pruneopts = "UT"
  revision = "f9ab0dce87d815821e221626b772e3475a0d2749"
  version = "v1.0.0"

[[projects]]
  digest = "1:399d31346bf36d9bfaf3ba628e59199c86932ab81cf0cd35472df3b08369b736"
  name = "golang.org/x/net"
  packages = [
    "context",
    "context/ctxhttp",
    "proxy",
  ]
  pruneopts = "UT"
  revision = "f5079bd7f6f74e23c4d65efa0f4ce14cbd6a3c0f"

[[projects]]
  digest = "1:0d38ee006fd127e3c539ef9eb0df6538462c62ab7b596d71bd7d581dc58c94f9"
  name = "golang.org/x/sys"
  packages = [
    "unix",
    "windows",
  ]
  pruneopts = "UT"
  revision = "82aafbf43bf885069dc71b7e7c2f9d7a614d47da"

[[projects]]
  digest = "1:dcb51660fc1fd7bfa3f45305db912fa587c12c17658fd66b3ab55339b59ffbe6"
  name = "gopkg.in/check.v1"
  packages = ["."]
  pruneopts = "UT"
  revision = "20d25e2804050c1cd24a7eea1e7a6447dd0e74ec"

[[projects]]
  digest = "1:99436bff19fb670ede262ee959422177f5d32f62ed73421172f5b05f7c85fd09"
  name = "gopkg.in/yaml.v2"
  packages = ["."]
  pruneopts = "UT"
  revision = "1244d3ce02e3e1c16820ada0bae506b6c479f106"

[solve-meta]
  analyzer-name = "dep"
  analyzer-version = 1
  input-imports = [
    "github.com/Sirupsen/logrus",
    "github.com/docker/docker/api/types",
    "github.com/docker/docker/api/types/events",
    "github.com/docker/docker/api/types/filters",
    "github.com/docker/docker/api/types/mount",
    "github.com/docker/docker/client",
    "github.com/elastic/go-ucfg",
    "github.com/elastic/go-ucfg/yaml",
    "golang.org/x/net/context",
    "gopkg.in/check.v1",
  ]
  solver-name = "gps-cdcl"
  solver-version = 1
